
Microsoft Visual Studio Solution File, Format Version 12.00
# Visual Studio 15
VisualStudioVersion = 15.0.27130.2010
MinimumVisualStudioVersion = 10.0.40219.1
Project("{FAE04EC0-301F-11D3-BF4B-00C04F79EFBC}") = "Users", "Users\Users.csproj", "{03EDB369-7760-4124-BD65-33EFB6F53806}"
EndProject
Global
	GlobalSection(SolutionConfigurationPlatforms) = preSolution
		Debug|Any CPU = Debug|Any CPU
		Release|Any CPU = Release|Any CPU
	EndGlobalSection
	GlobalSection(ProjectConfigurationPlatforms) = postSolution
		{03EDB369-7760-4124-BD65-33EFB6F53806}.Debug|Any CPU.ActiveCfg = Debug|Any CPU
		{03EDB369-7760-4124-BD65-33EFB6F53806}.Debug|Any CPU.Build.0 = Debug|Any CPU
		{03EDB369-7760-4124-BD65-33EFB6F53806}.Release|Any CPU.ActiveCfg = Release|Any CPU
		{03EDB369-7760-4124-BD65-33EFB6F53806}.Release|Any CPU.Build.0 = Release|Any CPU
	EndGlobalSection
	GlobalSection(SolutionProperties) = preSolution
		HideSolutionNode = FALSE
	EndGlobalSection
	GlobalSection(ExtensibilityGlobals) = postSolution
		SolutionGuid = {E6BAE954-258C-478E-A8FA-ED5F6AC58735}
	EndGlobalSection
EndGlobal
